
Microsoft Visual Studio Solution File, Format Version 12.00
# Visual Studio Version 16
VisualStudioVersion = 16.0.31025.194
MinimumVisualStudioVersion = 10.0.40219.1
Project("{8BC9CEB8-8B4A-11D0-8D11-00A0C91BC942}") = "Exercicio1", "LISTA1\LISTA1.vcxproj", "{BB6B68D8-51CD-49BF-8F8F-5EB4FFF21B5B}"
EndProject
Project("{8BC9CEB8-8B4A-11D0-8D11-00A0C91BC942}") = "Exercicio2", "Exercicio2\Exercicio2.vcxproj", "{8610E579-51D0-4CA4-9608-7D9C1E1C952F}"
EndProject
Project("{8BC9CEB8-8B4A-11D0-8D11-00A0C91BC942}") = "Exercicio3_a", "Exercicio3_a\Exercicio3_a.vcxproj", "{5C3CE917-0C07-475C-A76F-BFAA92ABF60D}"
EndProject
Project("{8BC9CEB8-8B4A-11D0-8D11-00A0C91BC942}") = "Exercicio3_b", "Exercicio3_b\Exercicio3_b.vcxproj", "{30AEE982-940F-46C5-9774-4016A4969D98}"
EndProject
Project("{8BC9CEB8-8B4A-11D0-8D11-00A0C91BC942}") = "Exercicio4", "Exercicio4\Exercicio4.vcxproj", "{53C0E141-45FB-437B-AFAF-72CBB239AD25}"
EndProject
Project("{8BC9CEB8-8B4A-11D0-8D11-00A0C91BC942}") = "Exercicio7", "Exercicio7\Exercicio7.vcxproj", "{1F5173D8-83E6-49E0-8A05-6AA28093B2B6}"
EndProject
Project("{8BC9CEB8-8B4A-11D0-8D11-00A0C91BC942}") = "Exercicio5", "Exercicio5\Exercicio5.vcxproj", "{289FEAB9-BD2F-4B0A-A72B-FBD01C66B749}"
EndProject
Project("{8BC9CEB8-8B4A-11D0-8D11-00A0C91BC942}") = "Exercicio6", "Exercicio6\Exercicio6.vcxproj", "{EEA27911-52A4-41AD-939D-728F62A21178}"
EndProject
Global
	GlobalSection(SolutionConfigurationPlatforms) = preSolution
		Debug|x64 = Debug|x64
		Debug|x86 = Debug|x86
		Release|x64 = Release|x64
		Release|x86 = Release|x86
	EndGlobalSection
	GlobalSection(ProjectConfigurationPlatforms) = postSolution
		{BB6B68D8-51CD-49BF-8F8F-5EB4FFF21B5B}.Debug|x64.ActiveCfg = Debug|x64
		{BB6B68D8-51CD-49BF-8F8F-5EB4FFF21B5B}.Debug|x64.Build.0 = Debug|x64
		{BB6B68D8-51CD-49BF-8F8F-5EB4FFF21B5B}.Debug|x86.ActiveCfg = Debug|Win32
		{BB6B68D8-51CD-49BF-8F8F-5EB4FFF21B5B}.Debug|x86.Build.0 = Debug|Win32
		{BB6B68D8-51CD-49BF-8F8F-5EB4FFF21B5B}.Release|x64.ActiveCfg = Release|x64
		{BB6B68D8-51CD-49BF-8F8F-5EB4FFF21B5B}.Release|x64.Build.0 = Release|x64
		{BB6B68D8-51CD-49BF-8F8F-5EB4FFF21B5B}.Release|x86.ActiveCfg = Release|Win32
		{BB6B68D8-51CD-49BF-8F8F-5EB4FFF21B5B}.Release|x86.Build.0 = Release|Win32
		{8610E579-51D0-4CA4-9608-7D9C1E1C952F}.Debug|x64.ActiveCfg = Debug|x64
		{8610E579-51D0-4CA4-9608-7D9C1E1C952F}.Debug|x64.Build.0 = Debug|x64
		{8610E579-51D0-4CA4-9608-7D9C1E1C952F}.Debug|x86.ActiveCfg = Debug|Win32
		{8610E579-51D0-4CA4-9608-7D9C1E1C952F}.Debug|x86.Build.0 = Debug|Win32
		{8610E579-51D0-4CA4-9608-7D9C1E1C952F}.Release|x64.ActiveCfg = Release|x64
		{8610E579-51D0-4CA4-9608-7D9C1E1C952F}.Release|x64.Build.0 = Release|x64
		{8610E579-51D0-4CA4-9608-7D9C1E1C952F}.Release|x86.ActiveCfg = Release|Win32
		{8610E579-51D0-4CA4-9608-7D9C1E1C952F}.Release|x86.Build.0 = Release|Win32
		{5C3CE917-0C07-475C-A76F-BFAA92ABF60D}.Debug|x64.ActiveCfg = Debug|x64
		{5C3CE917-0C07-475C-A76F-BFAA92ABF60D}.Debug|x64.Build.0 = Debug|x64
		{5C3CE917-0C07-475C-A76F-BFAA92ABF60D}.Debug|x86.ActiveCfg = Debug|Win32
		{5C3CE917-0C07-475C-A76F-BFAA92ABF60D}.Debug|x86.Build.0 = Debug|Win32
		{5C3CE917-0C07-475C-A76F-BFAA92ABF60D}.Release|x64.ActiveCfg = Release|x64
		{5C3CE917-0C07-475C-A76F-BFAA92ABF60D}.Release|x64.Build.0 = Release|x64
		{5C3CE917-0C07-475C-A76F-BFAA92ABF60D}.Release|x86.ActiveCfg = Release|Win32
		{5C3CE917-0C07-475C-A76F-BFAA92ABF60D}.Release|x86.Build.0 = Release|Win32
		{30AEE982-940F-46C5-9774-4016A4969D98}.Debug|x64.ActiveCfg = Debug|x64
		{30AEE982-940F-46C5-9774-4016A4969D98}.Debug|x64.Build.0 = Debug|x64
		{30AEE982-940F-46C5-9774-4016A4969D98}.Debug|x86.ActiveCfg = Debug|Win32
		{30AEE982-940F-46C5-9774-4016A4969D98}.Debug|x86.Build.0 = Debug|Win32
		{30AEE982-940F-46C5-9774-4016A4969D98}.Release|x64.ActiveCfg = Release|x64
		{30AEE982-940F-46C5-9774-4016A4969D98}.Release|x64.Build.0 = Release|x64
		{30AEE982-940F-46C5-9774-4016A4969D98}.Release|x86.ActiveCfg = Release|Win32
		{30AEE982-940F-46C5-9774-4016A4969D98}.Release|x86.Build.0 = Release|Win32
		{53C0E141-45FB-437B-AFAF-72CBB239AD25}.Debug|x64.ActiveCfg = Debug|x64
		{53C0E141-45FB-437B-AFAF-72CBB239AD25}.Debug|x64.Build.0 = Debug|x64
		{53C0E141-45FB-437B-AFAF-72CBB239AD25}.Debug|x86.ActiveCfg = Debug|Win32
		{53C0E141-45FB-437B-AFAF-72CBB239AD25}.Debug|x86.Build.0 = Debug|Win32
		{53C0E141-45FB-437B-AFAF-72CBB239AD25}.Release|x64.ActiveCfg = Release|x64
		{53C0E141-45FB-437B-AFAF-72CBB239AD25}.Release|x64.Build.0 = Release|x64
		{53C0E141-45FB-437B-AFAF-72CBB239AD25}.Release|x86.ActiveCfg = Release|Win32
		{53C0E141-45FB-437B-AFAF-72CBB239AD25}.Release|x86.Build.0 = Release|Win32
		{1F5173D8-83E6-49E0-8A05-6AA28093B2B6}.Debug|x64.ActiveCfg = Debug|x64
		{1F5173D8-83E6-49E0-8A05-6AA28093B2B6}.Debug|x64.Build.0 = Debug|x64
		{1F5173D8-83E6-49E0-8A05-6AA28093B2B6}.Debug|x86.ActiveCfg = Debug|Win32
		{1F5173D8-83E6-49E0-8A05-6AA28093B2B6}.Debug|x86.Build.0 = Debug|Win32
		{1F5173D8-83E6-49E0-8A05-6AA28093B2B6}.Release|x64.ActiveCfg = Release|x64
		{1F5173D8-83E6-49E0-8A05-6AA28093B2B6}.Release|x64.Build.0 = Release|x64
		{1F5173D8-83E6-49E0-8A05-6AA28093B2B6}.Release|x86.ActiveCfg = Release|Win32
		{1F5173D8-83E6-49E0-8A05-6AA28093B2B6}.Release|x86.Build.0 = Release|Win32
		{289FEAB9-BD2F-4B0A-A72B-FBD01C66B749}.Debug|x64.ActiveCfg = Debug|x64
		{289FEAB9-BD2F-4B0A-A72B-FBD01C66B749}.Debug|x64.Build.0 = Debug|x64
		{289FEAB9-BD2F-4B0A-A72B-FBD01C66B749}.Debug|x86.ActiveCfg = Debug|Win32
		{289FEAB9-BD2F-4B0A-A72B-FBD01C66B749}.Debug|x86.Build.0 = Debug|Win32
		{289FEAB9-BD2F-4B0A-A72B-FBD01C66B749}.Release|x64.ActiveCfg = Release|x64
		{289FEAB9-BD2F-4B0A-A72B-FBD01C66B749}.Release|x64.Build.0 = Release|x64
		{289FEAB9-BD2F-4B0A-A72B-FBD01C66B749}.Release|x86.ActiveCfg = Release|Win32
		{289FEAB9-BD2F-4B0A-A72B-FBD01C66B749}.Release|x86.Build.0 = Release|Win32
		{EEA27911-52A4-41AD-939D-728F62A21178}.Debug|x64.ActiveCfg = Debug|x64
		{EEA27911-52A4-41AD-939D-728F62A21178}.Debug|x64.Build.0 = Debug|x64
		{EEA27911-52A4-41AD-939D-728F62A21178}.Debug|x86.ActiveCfg = Debug|Win32
		{EEA27911-52A4-41AD-939D-728F62A21178}.Debug|x86.Build.0 = Debug|Win32
		{EEA27911-52A4-41AD-939D-728F62A21178}.Release|x64.ActiveCfg = Release|x64
		{EEA27911-52A4-41AD-939D-728F62A21178}.Release|x64.Build.0 = Release|x64
		{EEA27911-52A4-41AD-939D-728F62A21178}.Release|x86.ActiveCfg = Release|Win32
		{EEA27911-52A4-41AD-939D-728F62A21178}.Release|x86.Build.0 = Release|Win32
	EndGlobalSection
	GlobalSection(SolutionProperties) = preSolution
		HideSolutionNode = FALSE
	EndGlobalSection
	GlobalSection(ExtensibilityGlobals) = postSolution
		SolutionGuid = {D15553B9-73F0-41D3-A095-3D2E0541E8AC}
	EndGlobalSection
EndGlobal
