
Microsoft Visual Studio Solution File, Format Version 12.00
# Visual Studio Version 16
VisualStudioVersion = 16.0.30621.155
MinimumVisualStudioVersion = 10.0.40219.1
Project("{8BC9CEB8-8B4A-11D0-8D11-00A0C91BC942}") = "Ex02", "Ex02\Ex02.vcxproj", "{79D15B79-5DD6-4FDD-BC9F-796D6E66A6D0}"
EndProject
Project("{8BC9CEB8-8B4A-11D0-8D11-00A0C91BC942}") = "Ex03", "Ex03\Ex03.vcxproj", "{9A5F5A73-E49E-48A0-A129-BA28129DC043}"
EndProject
Project("{8BC9CEB8-8B4A-11D0-8D11-00A0C91BC942}") = "Ex04", "Ex04\Ex04.vcxproj", "{A5BAE895-7762-4123-803A-509E8B42ECF1}"
EndProject
Project("{8BC9CEB8-8B4A-11D0-8D11-00A0C91BC942}") = "Ex05", "Ex05\Ex05.vcxproj", "{86EB9B87-80BC-4AC2-97A3-957AFA6BBA94}"
EndProject
Project("{8BC9CEB8-8B4A-11D0-8D11-00A0C91BC942}") = "Ex06", "Ex06\Ex06.vcxproj", "{06F734BB-954F-43B1-A672-F581E32B8078}"
EndProject
Project("{8BC9CEB8-8B4A-11D0-8D11-00A0C91BC942}") = "Ex07", "Ex07\Ex07.vcxproj", "{5CE68E41-5942-4675-A270-F087F1858038}"
EndProject
Project("{8BC9CEB8-8B4A-11D0-8D11-00A0C91BC942}") = "Ex08", "Ex08\Ex08.vcxproj", "{E5E62844-259D-4BB5-8BEB-DD3CD749835D}"
EndProject
Project("{8BC9CEB8-8B4A-11D0-8D11-00A0C91BC942}") = "Ex01", "Ex01\Ex01.vcxproj", "{76AE825D-4E3C-4997-A559-C7611936770E}"
EndProject
Global
	GlobalSection(SolutionConfigurationPlatforms) = preSolution
		Debug|x64 = Debug|x64
		Debug|x86 = Debug|x86
		Release|x64 = Release|x64
		Release|x86 = Release|x86
	EndGlobalSection
	GlobalSection(ProjectConfigurationPlatforms) = postSolution
		{79D15B79-5DD6-4FDD-BC9F-796D6E66A6D0}.Debug|x64.ActiveCfg = Debug|x64
		{79D15B79-5DD6-4FDD-BC9F-796D6E66A6D0}.Debug|x64.Build.0 = Debug|x64
		{79D15B79-5DD6-4FDD-BC9F-796D6E66A6D0}.Debug|x86.ActiveCfg = Debug|Win32
		{79D15B79-5DD6-4FDD-BC9F-796D6E66A6D0}.Debug|x86.Build.0 = Debug|Win32
		{79D15B79-5DD6-4FDD-BC9F-796D6E66A6D0}.Release|x64.ActiveCfg = Release|x64
		{79D15B79-5DD6-4FDD-BC9F-796D6E66A6D0}.Release|x64.Build.0 = Release|x64
		{79D15B79-5DD6-4FDD-BC9F-796D6E66A6D0}.Release|x86.ActiveCfg = Release|Win32
		{79D15B79-5DD6-4FDD-BC9F-796D6E66A6D0}.Release|x86.Build.0 = Release|Win32
		{9A5F5A73-E49E-48A0-A129-BA28129DC043}.Debug|x64.ActiveCfg = Debug|x64
		{9A5F5A73-E49E-48A0-A129-BA28129DC043}.Debug|x64.Build.0 = Debug|x64
		{9A5F5A73-E49E-48A0-A129-BA28129DC043}.Debug|x86.ActiveCfg = Debug|Win32
		{9A5F5A73-E49E-48A0-A129-BA28129DC043}.Debug|x86.Build.0 = Debug|Win32
		{9A5F5A73-E49E-48A0-A129-BA28129DC043}.Release|x64.ActiveCfg = Release|x64
		{9A5F5A73-E49E-48A0-A129-BA28129DC043}.Release|x64.Build.0 = Release|x64
		{9A5F5A73-E49E-48A0-A129-BA28129DC043}.Release|x86.ActiveCfg = Release|Win32
		{9A5F5A73-E49E-48A0-A129-BA28129DC043}.Release|x86.Build.0 = Release|Win32
		{A5BAE895-7762-4123-803A-509E8B42ECF1}.Debug|x64.ActiveCfg = Debug|x64
		{A5BAE895-7762-4123-803A-509E8B42ECF1}.Debug|x64.Build.0 = Debug|x64
		{A5BAE895-7762-4123-803A-509E8B42ECF1}.Debug|x86.ActiveCfg = Debug|Win32
		{A5BAE895-7762-4123-803A-509E8B42ECF1}.Debug|x86.Build.0 = Debug|Win32
		{A5BAE895-7762-4123-803A-509E8B42ECF1}.Release|x64.ActiveCfg = Release|x64
		{A5BAE895-7762-4123-803A-509E8B42ECF1}.Release|x64.Build.0 = Release|x64
		{A5BAE895-7762-4123-803A-509E8B42ECF1}.Release|x86.ActiveCfg = Release|Win32
		{A5BAE895-7762-4123-803A-509E8B42ECF1}.Release|x86.Build.0 = Release|Win32
		{86EB9B87-80BC-4AC2-97A3-957AFA6BBA94}.Debug|x64.ActiveCfg = Debug|x64
		{86EB9B87-80BC-4AC2-97A3-957AFA6BBA94}.Debug|x64.Build.0 = Debug|x64
		{86EB9B87-80BC-4AC2-97A3-957AFA6BBA94}.Debug|x86.ActiveCfg = Debug|Win32
		{86EB9B87-80BC-4AC2-97A3-957AFA6BBA94}.Debug|x86.Build.0 = Debug|Win32
		{86EB9B87-80BC-4AC2-97A3-957AFA6BBA94}.Release|x64.ActiveCfg = Release|x64
		{86EB9B87-80BC-4AC2-97A3-957AFA6BBA94}.Release|x64.Build.0 = Release|x64
		{86EB9B87-80BC-4AC2-97A3-957AFA6BBA94}.Release|x86.ActiveCfg = Release|Win32
		{86EB9B87-80BC-4AC2-97A3-957AFA6BBA94}.Release|x86.Build.0 = Release|Win32
		{06F734BB-954F-43B1-A672-F581E32B8078}.Debug|x64.ActiveCfg = Debug|x64
		{06F734BB-954F-43B1-A672-F581E32B8078}.Debug|x64.Build.0 = Debug|x64
		{06F734BB-954F-43B1-A672-F581E32B8078}.Debug|x86.ActiveCfg = Debug|Win32
		{06F734BB-954F-43B1-A672-F581E32B8078}.Debug|x86.Build.0 = Debug|Win32
		{06F734BB-954F-43B1-A672-F581E32B8078}.Release|x64.ActiveCfg = Release|x64
		{06F734BB-954F-43B1-A672-F581E32B8078}.Release|x64.Build.0 = Release|x64
		{06F734BB-954F-43B1-A672-F581E32B8078}.Release|x86.ActiveCfg = Release|Win32
		{06F734BB-954F-43B1-A672-F581E32B8078}.Release|x86.Build.0 = Release|Win32
		{5CE68E41-5942-4675-A270-F087F1858038}.Debug|x64.ActiveCfg = Debug|x64
		{5CE68E41-5942-4675-A270-F087F1858038}.Debug|x64.Build.0 = Debug|x64
		{5CE68E41-5942-4675-A270-F087F1858038}.Debug|x86.ActiveCfg = Debug|Win32
		{5CE68E41-5942-4675-A270-F087F1858038}.Debug|x86.Build.0 = Debug|Win32
		{5CE68E41-5942-4675-A270-F087F1858038}.Release|x64.ActiveCfg = Release|x64
		{5CE68E41-5942-4675-A270-F087F1858038}.Release|x64.Build.0 = Release|x64
		{5CE68E41-5942-4675-A270-F087F1858038}.Release|x86.ActiveCfg = Release|Win32
		{5CE68E41-5942-4675-A270-F087F1858038}.Release|x86.Build.0 = Release|Win32
		{E5E62844-259D-4BB5-8BEB-DD3CD749835D}.Debug|x64.ActiveCfg = Debug|x64
		{E5E62844-259D-4BB5-8BEB-DD3CD749835D}.Debug|x64.Build.0 = Debug|x64
		{E5E62844-259D-4BB5-8BEB-DD3CD749835D}.Debug|x86.ActiveCfg = Debug|Win32
		{E5E62844-259D-4BB5-8BEB-DD3CD749835D}.Debug|x86.Build.0 = Debug|Win32
		{E5E62844-259D-4BB5-8BEB-DD3CD749835D}.Release|x64.ActiveCfg = Release|x64
		{E5E62844-259D-4BB5-8BEB-DD3CD749835D}.Release|x64.Build.0 = Release|x64
		{E5E62844-259D-4BB5-8BEB-DD3CD749835D}.Release|x86.ActiveCfg = Release|Win32
		{E5E62844-259D-4BB5-8BEB-DD3CD749835D}.Release|x86.Build.0 = Release|Win32
		{76AE825D-4E3C-4997-A559-C7611936770E}.Debug|x64.ActiveCfg = Debug|x64
		{76AE825D-4E3C-4997-A559-C7611936770E}.Debug|x64.Build.0 = Debug|x64
		{76AE825D-4E3C-4997-A559-C7611936770E}.Debug|x86.ActiveCfg = Debug|Win32
		{76AE825D-4E3C-4997-A559-C7611936770E}.Debug|x86.Build.0 = Debug|Win32
		{76AE825D-4E3C-4997-A559-C7611936770E}.Release|x64.ActiveCfg = Release|x64
		{76AE825D-4E3C-4997-A559-C7611936770E}.Release|x64.Build.0 = Release|x64
		{76AE825D-4E3C-4997-A559-C7611936770E}.Release|x86.ActiveCfg = Release|Win32
		{76AE825D-4E3C-4997-A559-C7611936770E}.Release|x86.Build.0 = Release|Win32
	EndGlobalSection
	GlobalSection(SolutionProperties) = preSolution
		HideSolutionNode = FALSE
	EndGlobalSection
	GlobalSection(ExtensibilityGlobals) = postSolution
		SolutionGuid = {5959876E-128C-451B-A738-9CC1FAC6C517}
	EndGlobalSection
EndGlobal
